{
  "version": 1,
  "dependencies": {
    "net10.0": {
      "harmonypctouchpad.agent.core": {
        "type": "Project",
        "dependencies": {
          "HarmonyPcTouchpad.Agent.Protocol": "[1.0.0, )"
        }
      },
      "harmonypctouchpad.agent.protocol": {
        "type": "Project"
      },
      "harmonypctouchpad.agent.security": {
        "type": "Project"
      }
    }
  }
}