<Solution>
  <Folder Name="/src/">
    <Project Path="src/HarmonyPcTouchpad.Agent.App/HarmonyPcTouchpad.Agent.App.csproj" />
    <Project Path="src/HarmonyPcTouchpad.Agent.Core/HarmonyPcTouchpad.Agent.Core.csproj" />
    <Project Path="src/HarmonyPcTouchpad.Agent.Protocol/HarmonyPcTouchpad.Agent.Protocol.csproj" />
    <Project Path="src/HarmonyPcTouchpad.Agent.Windows/HarmonyPcTouchpad.Agent.Windows.csproj" />
  </Folder>
  <Folder Name="/tests/">
    <Project Path="tests/HarmonyPcTouchpad.Agent.Core.Tests/HarmonyPcTouchpad.Agent.Core.Tests.csproj" />
    <Project Path="tests/HarmonyPcTouchpad.Agent.Protocol.Tests/HarmonyPcTouchpad.Agent.Protocol.Tests.csproj" />
    <Project Path="tests/HarmonyPcTouchpad.Agent.Windows.Tests/HarmonyPcTouchpad.Agent.Windows.Tests.csproj" />
  </Folder>
</Solution>
