{
  "version": 1,
  "dependencies": {
    "net10.0-windows10.0.19041": {
      "Net.Codecrete.QrCodeGenerator": {
        "type": "Direct",
        "requested": "[3.0.0, )",
        "resolved": "3.0.0",
        "contentHash": "iBKGrc42ulEsIbWGKnYUO+HQURvpjzER+MgG6ahTi2jEOH8j5PbviH2S+2IAhn+WxRj+4rM31JGJCj/zT8xaDg=="
      },
      "harmonypctouchpad.agent.core": {
        "type": "Project",
        "dependencies": {
          "HarmonyPcTouchpad.Agent.Protocol": "[1.0.0, )"
        }
      },
      "harmonypctouchpad.agent.protocol": {
        "type": "Project"
      },
      "harmonypctouchpad.agent.security": {
        "type": "Project"
      },
      "harmonypctouchpad.agent.transport": {
        "type": "Project",
        "dependencies": {
          "HarmonyPcTouchpad.Agent.Core": "[1.0.0, )",
          "HarmonyPcTouchpad.Agent.Protocol": "[1.0.0, )",
          "HarmonyPcTouchpad.Agent.Security": "[1.0.0, )"
        }
      },
      "harmonypctouchpad.agent.windows": {
        "type": "Project",
        "dependencies": {
          "HarmonyPcTouchpad.Agent.Core": "[1.0.0, )",
          "HarmonyPcTouchpad.Agent.Protocol": "[1.0.0, )",
          "HarmonyPcTouchpad.Agent.Security": "[1.0.0, )"
        }
      }
    }
  }
}