{
  "version": 1,
  "dependencies": {
    "net10.0-windows10.0.19041": {
      "harmonypctouchpad.agent.core": {
        "type": "Project",
        "dependencies": {
          "HarmonyPcTouchpad.Agent.Protocol": "[1.0.0, )"
        }
      },
      "harmonypctouchpad.agent.protocol": {
        "type": "Project"
      },
      "harmonypctouchpad.agent.windows": {
        "type": "Project",
        "dependencies": {
          "HarmonyPcTouchpad.Agent.Core": "[1.0.0, )",
          "HarmonyPcTouchpad.Agent.Protocol": "[1.0.0, )"
        }
      }
    }
  }
}